
Microsoft Visual Studio Solution File, Format Version 12.00
# Visual Studio Version 17
VisualStudioVersion = 17.3.32922.545
MinimumVisualStudioVersion = 10.0.40219.1
Project("{9A19103F-16F7-4668-BE54-9A1E7A4F7556}") = "AS2223_4G_INF_IngrassiaSamuele_FigureRefac", "AS2223_4G_INF_IngrassiaSamuele_FigureRefac.csproj", "{D9A0351C-DF15-442F-AAA4-2EA7EFBB3B01}"
EndProject
Project("{9A19103F-16F7-4668-BE54-9A1E7A4F7556}") = "UnitTest", "UnitTest\UnitTest.csproj", "{93E5FCEA-B097-4541-9C9A-BF2C2C6041EB}"
EndProject
Project("{FAE04EC0-301F-11D3-BF4B-00C04F79EFBC}") = "ShapeLIB", "ShapeLIB\ShapeLIB.csproj", "{5DEB7040-3BCB-41DD-92E6-2C3852F3D438}"
EndProject
Global
	GlobalSection(SolutionConfigurationPlatforms) = preSolution
		Debug|Any CPU = Debug|Any CPU
		Release|Any CPU = Release|Any CPU
	EndGlobalSection
	GlobalSection(ProjectConfigurationPlatforms) = postSolution
		{D9A0351C-DF15-442F-AAA4-2EA7EFBB3B01}.Debug|Any CPU.ActiveCfg = Debug|Any CPU
		{D9A0351C-DF15-442F-AAA4-2EA7EFBB3B01}.Debug|Any CPU.Build.0 = Debug|Any CPU
		{D9A0351C-DF15-442F-AAA4-2EA7EFBB3B01}.Release|Any CPU.ActiveCfg = Release|Any CPU
		{D9A0351C-DF15-442F-AAA4-2EA7EFBB3B01}.Release|Any CPU.Build.0 = Release|Any CPU
		{93E5FCEA-B097-4541-9C9A-BF2C2C6041EB}.Debug|Any CPU.ActiveCfg = Debug|Any CPU
		{93E5FCEA-B097-4541-9C9A-BF2C2C6041EB}.Debug|Any CPU.Build.0 = Debug|Any CPU
		{93E5FCEA-B097-4541-9C9A-BF2C2C6041EB}.Release|Any CPU.ActiveCfg = Release|Any CPU
		{93E5FCEA-B097-4541-9C9A-BF2C2C6041EB}.Release|Any CPU.Build.0 = Release|Any CPU
		{5DEB7040-3BCB-41DD-92E6-2C3852F3D438}.Debug|Any CPU.ActiveCfg = Debug|Any CPU
		{5DEB7040-3BCB-41DD-92E6-2C3852F3D438}.Debug|Any CPU.Build.0 = Debug|Any CPU
		{5DEB7040-3BCB-41DD-92E6-2C3852F3D438}.Release|Any CPU.ActiveCfg = Release|Any CPU
		{5DEB7040-3BCB-41DD-92E6-2C3852F3D438}.Release|Any CPU.Build.0 = Release|Any CPU
	EndGlobalSection
	GlobalSection(SolutionProperties) = preSolution
		HideSolutionNode = FALSE
	EndGlobalSection
	GlobalSection(ExtensibilityGlobals) = postSolution
		SolutionGuid = {346C3BA7-1FBC-49EE-99D0-3FC7256C9F91}
	EndGlobalSection
EndGlobal
